
Microsoft Visual Studio Solution File, Format Version 12.00
# Visual Studio Version 16
VisualStudioVersion = 16.0.31702.278
MinimumVisualStudioVersion = 10.0.40219.1
Project("{8BC9CEB8-8B4A-11D0-8D11-00A0C91BC942}") = "Pos Neg Null DynArray", "Pos Neg Null DynArray\Pos Neg Null DynArray.vcxproj", "{193A52AA-94ED-4F6C-A004-108CBD22CDED}"
EndProject
Global
	GlobalSection(SolutionConfigurationPlatforms) = preSolution
		Debug|x64 = Debug|x64
		Debug|x86 = Debug|x86
		Release|x64 = Release|x64
		Release|x86 = Release|x86
	EndGlobalSection
	GlobalSection(ProjectConfigurationPlatforms) = postSolution
		{193A52AA-94ED-4F6C-A004-108CBD22CDED}.Debug|x64.ActiveCfg = Debug|x64
		{193A52AA-94ED-4F6C-A004-108CBD22CDED}.Debug|x64.Build.0 = Debug|x64
		{193A52AA-94ED-4F6C-A004-108CBD22CDED}.Debug|x86.ActiveCfg = Debug|Win32
		{193A52AA-94ED-4F6C-A004-108CBD22CDED}.Debug|x86.Build.0 = Debug|Win32
		{193A52AA-94ED-4F6C-A004-108CBD22CDED}.Release|x64.ActiveCfg = Release|x64
		{193A52AA-94ED-4F6C-A004-108CBD22CDED}.Release|x64.Build.0 = Release|x64
		{193A52AA-94ED-4F6C-A004-108CBD22CDED}.Release|x86.ActiveCfg = Release|Win32
		{193A52AA-94ED-4F6C-A004-108CBD22CDED}.Release|x86.Build.0 = Release|Win32
	EndGlobalSection
	GlobalSection(SolutionProperties) = preSolution
		HideSolutionNode = FALSE
	EndGlobalSection
	GlobalSection(ExtensibilityGlobals) = postSolution
		SolutionGuid = {817867BA-0159-40B8-A0DA-86EB977CBF5C}
	EndGlobalSection
EndGlobal
